
Microsoft Visual Studio Solution File, Format Version 12.00
# Visual Studio Version 17
VisualStudioVersion = 17.7.34031.279
MinimumVisualStudioVersion = 10.0.40219.1
Project("{FAE04EC0-301F-11D3-BF4B-00C04F79EFBC}") = "leba7", "leba7\leba7.csproj", "{D0AB1473-EB0A-4AB8-9245-C1EB1D230E7D}"
EndProject
Global
	GlobalSection(SolutionConfigurationPlatforms) = preSolution
		Debug|Any CPU = Debug|Any CPU
		Release|Any CPU = Release|Any CPU
	EndGlobalSection
	GlobalSection(ProjectConfigurationPlatforms) = postSolution
		{D0AB1473-EB0A-4AB8-9245-C1EB1D230E7D}.Debug|Any CPU.ActiveCfg = Debug|Any CPU
		{D0AB1473-EB0A-4AB8-9245-C1EB1D230E7D}.Debug|Any CPU.Build.0 = Debug|Any CPU
		{D0AB1473-EB0A-4AB8-9245-C1EB1D230E7D}.Release|Any CPU.ActiveCfg = Release|Any CPU
		{D0AB1473-EB0A-4AB8-9245-C1EB1D230E7D}.Release|Any CPU.Build.0 = Release|Any CPU
	EndGlobalSection
	GlobalSection(SolutionProperties) = preSolution
		HideSolutionNode = FALSE
	EndGlobalSection
	GlobalSection(ExtensibilityGlobals) = postSolution
		SolutionGuid = {B43A551F-8F83-4188-8813-E974ADB8B0FB}
	EndGlobalSection
EndGlobal
